
Microsoft Visual Studio Solution File, Format Version 12.00
# Visual Studio 14
VisualStudioVersion = 14.0.25420.1
MinimumVisualStudioVersion = 10.0.40219.1
Project("{FAE04EC0-301F-11D3-BF4B-00C04F79EFBC}") = "SM64O", "SM64O\SM64O.csproj", "{F76A3BDA-82F9-44ED-9917-75929CE98CD8}"
EndProject
Project("{FAE04EC0-301F-11D3-BF4B-00C04F79EFBC}") = "Hazel", "Hazel\Hazel.csproj", "{02CFBD30-D77D-400F-94B2-700F60EFDD7F}"
EndProject
Project("{FAE04EC0-301F-11D3-BF4B-00C04F79EFBC}") = "Mono.Nat", "Mono.Nat\Mono.Nat.csproj", "{A0F2353D-730F-4F67-BEA3-AD5DE270C72D}"
EndProject
Project("{9A19103F-16F7-4668-BE54-9A1E7A4F7556}") = "PortcheckService", "PortcheckService\PortcheckService.csproj", "{B815002A-4FE9-48E8-8740-CD6A21387022}"
EndProject
Global
	GlobalSection(SolutionConfigurationPlatforms) = preSolution
		Debug|Any CPU = Debug|Any CPU
		Release|Any CPU = Release|Any CPU
	EndGlobalSection
	GlobalSection(ProjectConfigurationPlatforms) = postSolution
		{F76A3BDA-82F9-44ED-9917-75929CE98CD8}.Debug|Any CPU.ActiveCfg = Debug|Any CPU
		{F76A3BDA-82F9-44ED-9917-75929CE98CD8}.Debug|Any CPU.Build.0 = Debug|Any CPU
		{F76A3BDA-82F9-44ED-9917-75929CE98CD8}.Release|Any CPU.ActiveCfg = Release|Any CPU
		{F76A3BDA-82F9-44ED-9917-75929CE98CD8}.Release|Any CPU.Build.0 = Release|Any CPU
		{02CFBD30-D77D-400F-94B2-700F60EFDD7F}.Debug|Any CPU.ActiveCfg = Debug|Any CPU
		{02CFBD30-D77D-400F-94B2-700F60EFDD7F}.Debug|Any CPU.Build.0 = Debug|Any CPU
		{02CFBD30-D77D-400F-94B2-700F60EFDD7F}.Release|Any CPU.ActiveCfg = Release|Any CPU
		{02CFBD30-D77D-400F-94B2-700F60EFDD7F}.Release|Any CPU.Build.0 = Release|Any CPU
		{A0F2353D-730F-4F67-BEA3-AD5DE270C72D}.Debug|Any CPU.ActiveCfg = Debug|Any CPU
		{A0F2353D-730F-4F67-BEA3-AD5DE270C72D}.Debug|Any CPU.Build.0 = Debug|Any CPU
		{A0F2353D-730F-4F67-BEA3-AD5DE270C72D}.Release|Any CPU.ActiveCfg = Release|Any CPU
		{A0F2353D-730F-4F67-BEA3-AD5DE270C72D}.Release|Any CPU.Build.0 = Release|Any CPU
		{B815002A-4FE9-48E8-8740-CD6A21387022}.Debug|Any CPU.ActiveCfg = Debug|Any CPU
		{B815002A-4FE9-48E8-8740-CD6A21387022}.Debug|Any CPU.Build.0 = Debug|Any CPU
		{B815002A-4FE9-48E8-8740-CD6A21387022}.Release|Any CPU.ActiveCfg = Release|Any CPU
		{B815002A-4FE9-48E8-8740-CD6A21387022}.Release|Any CPU.Build.0 = Release|Any CPU
	EndGlobalSection
	GlobalSection(SolutionProperties) = preSolution
		HideSolutionNode = FALSE
	EndGlobalSection
EndGlobal
